// !$*UTF8*$!
{
	archiveVersion = 1;
	classes = {
	};
	objectVersion = 77;
	objects = {

/* Begin PBXBuildFile section */
		78261DD12D73981D00301CE0 /* SDWebImage in Frameworks */ = {isa = PBXBuildFile; productRef = 78261DD02D73981D00301CE0 /* SDWebImage */; };
		78261DD32D73981D00301CE0 /* SDWebImageMapKit in Frameworks */ = {isa = PBXBuildFile; productRef = 78261DD22D73981D00301CE0 /* SDWebImageMapKit */; };
/* End PBXBuildFile section */

/* Begin PBXContainerItemProxy section */
		78755E492D707E9D00640B31 /* PBXContainerItemProxy */ = {
			isa = PBXContainerItemProxy;
			containerPortal = 78755E2A2D707E9C00640B31 /* Project object */;
			proxyType = 1;
			remoteGlobalIDString = 78755E312D707E9C00640B31;
			remoteInfo = MovieAppWithUIKit;
		};
		78755E532D707E9D00640B31 /* PBXContainerItemProxy */ = {
			isa = PBXContainerItemProxy;
			containerPortal = 78755E2A2D707E9C00640B31 /* Project object */;
			proxyType = 1;
			remoteGlobalIDString = 78755E312D707E9C00640B31;
			remoteInfo = MovieAppWithUIKit;
		};
/* End PBXContainerItemProxy section */

/* Begin PBXFileReference section */
		78755E322D707E9C00640B31 /* MovieAppWithUIKit.app */ = {isa = PBXFileReference; explicitFileType = wrapper.application; includeInIndex = 0; path = MovieAppWithUIKit.app; sourceTree = BUILT_PRODUCTS_DIR; };
		78755E482D707E9D00640B31 /* MovieAppWithUIKitTests.xctest */ = {isa = PBXFileReference; explicitFileType = wrapper.cfbundle; includeInIndex = 0; path = MovieAppWithUIKitTests.xctest; sourceTree = BUILT_PRODUCTS_DIR; };
		78755E522D707E9D00640B31 /* MovieAppWithUIKitUITests.xctest */ = {isa = PBXFileReference; explicitFileType = wrapper.cfbundle; includeInIndex = 0; path = MovieAppWithUIKitUITests.xctest; sourceTree = BUILT_PRODUCTS_DIR; };
/* End PBXFileReference section */

/* Begin PBXFileSystemSynchronizedBuildFileExceptionSet section */
		78755E5A2D707E9D00640B31 /* Exceptions for "MovieAppWithUIKit" folder in "MovieAppWithUIKit" target */ = {
			isa = PBXFileSystemSynchronizedBuildFileExceptionSet;
			membershipExceptions = (
				Info.plist,
			);
			target = 78755E312D707E9C00640B31 /* MovieAppWithUIKit */;
		};
/* End PBXFileSystemSynchronizedBuildFileExceptionSet section */

/* Begin PBXFileSystemSynchronizedRootGroup section */
		78755E342D707E9C00640B31 /* MovieAppWithUIKit */ = {
			isa = PBXFileSystemSynchronizedRootGroup;
			exceptions = (
				78755E5A2D707E9D00640B31 /* Exceptions for "MovieAppWithUIKit" folder in "MovieAppWithUIKit" target */,
			);
			path = MovieAppWithUIKit;
			sourceTree = "<group>";
		};
		78755E4B2D707E9D00640B31 /* MovieAppWithUIKitTests */ = {
			isa = PBXFileSystemSynchronizedRootGroup;
			path = MovieAppWithUIKitTests;
			sourceTree = "<group>";
		};
		78755E552D707E9D00640B31 /* MovieAppWithUIKitUITests */ = {
			isa = PBXFileSystemSynchronizedRootGroup;
			path = MovieAppWithUIKitUITests;
			sourceTree = "<group>";
		};
/* End PBXFileSystemSynchronizedRootGroup section */

/* Begin PBXFrameworksBuildPhase section */
		78755E2F2D707E9C00640B31 /* Frameworks */ = {
			isa = PBXFrameworksBuildPhase;
			buildActionMask = 2147483647;
			files = (
				78261DD32D73981D00301CE0 /* SDWebImageMapKit in Frameworks */,
				78261DD12D73981D00301CE0 /* SDWebImage in Frameworks */,
			);
			runOnlyForDeploymentPostprocessing = 0;
		};
		78755E452D707E9D00640B31 /* Frameworks */ = {
			isa = PBXFrameworksBuildPhase;
			buildActionMask = 2147483647;
			files = (
			);
			runOnlyForDeploymentPostprocessing = 0;
		};
		78755E4F2D707E9D00640B31 /* Frameworks */ = {
			isa = PBXFrameworksBuildPhase;
			buildActionMask = 2147483647;
			files = (
			);
			runOnlyForDeploymentPostprocessing = 0;
		};
/* End PBXFrameworksBuildPhase section */

/* Begin PBXGroup section */
		78755E292D707E9C00640B31 = {
			isa = PBXGroup;
			children = (
				78755E342D707E9C00640B31 /* MovieAppWithUIKit */,
				78755E4B2D707E9D00640B31 /* MovieAppWithUIKitTests */,
				78755E552D707E9D00640B31 /* MovieAppWithUIKitUITests */,
				78755E332D707E9C00640B31 /* Products */,
			);
			sourceTree = "<group>";
		};
		78755E332D707E9C00640B31 /* Products */ = {
			isa = PBXGroup;
			children = (
				78755E322D707E9C00640B31 /* MovieAppWithUIKit.app */,
				78755E482D707E9D00640B31 /* MovieAppWithUIKitTests.xctest */,
				78755E522D707E9D00640B31 /* MovieAppWithUIKitUITests.xctest */,
			);
			name = Products;
			sourceTree = "<group>";
		};
/* End PBXGroup section */

/* Begin PBXNativeTarget section */
		78755E312D707E9C00640B31 /* MovieAppWithUIKit */ = {
			isa = PBXNativeTarget;
			buildConfigurationList = 78755E5B2D707E9D00640B31 /* Build configuration list for PBXNativeTarget "MovieAppWithUIKit" */;
			buildPhases = (
				78755E2E2D707E9C00640B31 /* Sources */,
				78755E2F2D707E9C00640B31 /* Frameworks */,
				78755E302D707E9C00640B31 /* Resources */,
			);
			buildRules = (
			);
			dependencies = (
			);
			fileSystemSynchronizedGroups = (
				78755E342D707E9C00640B31 /* MovieAppWithUIKit */,
			);
			name = MovieAppWithUIKit;
			packageProductDependencies = (
				78261DD02D73981D00301CE0 /* SDWebImage */,
				78261DD22D73981D00301CE0 /* SDWebImageMapKit */,
			);
			productName = MovieAppWithUIKit;
			productReference = 78755E322D707E9C00640B31 /* MovieAppWithUIKit.app */;
			productType = "com.apple.product-type.application";
		};
		78755E472D707E9D00640B31 /* MovieAppWithUIKitTests */ = {
			isa = PBXNativeTarget;
			buildConfigurationList = 78755E602D707E9D00640B31 /* Build configuration list for PBXNativeTarget "MovieAppWithUIKitTests" */;
			buildPhases = (
				78755E442D707E9D00640B31 /* Sources */,
				78755E452D707E9D00640B31 /* Frameworks */,
				78755E462D707E9D00640B31 /* Resources */,
			);
			buildRules = (
			);
			dependencies = (
				78755E4A2D707E9D00640B31 /* PBXTargetDependency */,
			);
			fileSystemSynchronizedGroups = (
				78755E4B2D707E9D00640B31 /* MovieAppWithUIKitTests */,
			);
			name = MovieAppWithUIKitTests;
			packageProductDependencies = (
			);
			productName = MovieAppWithUIKitTests;
			productReference = 78755E482D707E9D00640B31 /* MovieAppWithUIKitTests.xctest */;
			productType = "com.apple.product-type.bundle.unit-test";
		};
		78755E512D707E9D00640B31 /* MovieAppWithUIKitUITests */ = {
			isa = PBXNativeTarget;
			buildConfigurationList = 78755E632D707E9D00640B31 /* Build configuration list for PBXNativeTarget "MovieAppWithUIKitUITests" */;
			buildPhases = (
				78755E4E2D707E9D00640B31 /* Sources */,
				78755E4F2D707E9D00640B31 /* Frameworks */,
				78755E502D707E9D00640B31 /* Resources */,
			);
			buildRules = (
			);
			dependencies = (
				78755E542D707E9D00640B31 /* PBXTargetDependency */,
			);
			fileSystemSynchronizedGroups = (
				78755E552D707E9D00640B31 /* MovieAppWithUIKitUITests */,
			);
			name = MovieAppWithUIKitUITests;
			packageProductDependencies = (
			);
			productName = MovieAppWithUIKitUITests;
			productReference = 78755E522D707E9D00640B31 /* MovieAppWithUIKitUITests.xctest */;
			productType = "com.apple.product-type.bundle.ui-testing";
		};
/* End PBXNativeTarget section */

/* Begin PBXProject section */
		78755E2A2D707E9C00640B31 /* Project object */ = {
			isa = PBXProject;
			attributes = {
				BuildIndependentTargetsInParallel = 1;
				LastSwiftUpdateCheck = 1620;
				LastUpgradeCheck = 1620;
				TargetAttributes = {
					78755E312D707E9C00640B31 = {
						CreatedOnToolsVersion = 16.2;
					};
					78755E472D707E9D00640B31 = {
						CreatedOnToolsVersion = 16.2;
						TestTargetID = 78755E312D707E9C00640B31;
					};
					78755E512D707E9D00640B31 = {
						CreatedOnToolsVersion = 16.2;
						TestTargetID = 78755E312D707E9C00640B31;
					};
				};
			};
			buildConfigurationList = 78755E2D2D707E9C00640B31 /* Build configuration list for PBXProject "MovieAppWithUIKit" */;
			developmentRegion = en;
			hasScannedForEncodings = 0;
			knownRegions = (
				en,
				Base,
			);
			mainGroup = 78755E292D707E9C00640B31;
			minimizedProjectReferenceProxies = 1;
			packageReferences = (
				78261DCF2D73981D00301CE0 /* XCRemoteSwiftPackageReference "SDWebImage" */,
			);
			preferredProjectObjectVersion = 77;
			productRefGroup = 78755E332D707E9C00640B31 /* Products */;
			projectDirPath = "";
			projectRoot = "";
			targets = (
				78755E312D707E9C00640B31 /* MovieAppWithUIKit */,
				78755E472D707E9D00640B31 /* MovieAppWithUIKitTests */,
				78755E512D707E9D00640B31 /* MovieAppWithUIKitUITests */,
			);
		};
/* End PBXProject section */

/* Begin PBXResourcesBuildPhase section */
		78755E302D707E9C00640B31 /* Resources */ = {
			isa = PBXResourcesBuildPhase;
			buildActionMask = 2147483647;
			files = (
			);
			runOnlyForDeploymentPostprocessing = 0;
		};
		78755E462D707E9D00640B31 /* Resources */ = {
			isa = PBXResourcesBuildPhase;
			buildActionMask = 2147483647;
			files = (
			);
			runOnlyForDeploymentPostprocessing = 0;
		};
		78755E502D707E9D00640B31 /* Resources */ = {
			isa = PBXResourcesBuildPhase;
			buildActionMask = 2147483647;
			files = (
			);
			runOnlyForDeploymentPostprocessing = 0;
		};
/* End PBXResourcesBuildPhase section */

/* Begin PBXSourcesBuildPhase section */
		78755E2E2D707E9C00640B31 /* Sources */ = {
			isa = PBXSourcesBuildPhase;
			buildActionMask = 2147483647;
			files = (
			);
			runOnlyForDeploymentPostprocessing = 0;
		};
		78755E442D707E9D00640B31 /* Sources */ = {
			isa = PBXSourcesBuildPhase;
			buildActionMask = 2147483647;
			files = (
			);
			runOnlyForDeploymentPostprocessing = 0;
		};
		78755E4E2D707E9D00640B31 /* Sources */ = {
			isa = PBXSourcesBuildPhase;
			buildActionMask = 2147483647;
			files = (
			);
			runOnlyForDeploymentPostprocessing = 0;
		};
/* End PBXSourcesBuildPhase section */

/* Begin PBXTargetDependency section */
		78755E4A2D707E9D00640B31 /* PBXTargetDependency */ = {
			isa = PBXTargetDependency;
			target = 78755E312D707E9C00640B31 /* MovieAppWithUIKit */;
			targetProxy = 78755E492D707E9D00640B31 /* PBXContainerItemProxy */;
		};
		78755E542D707E9D00640B31 /* PBXTargetDependency */ = {
			isa = PBXTargetDependency;
			target = 78755E312D707E9C00640B31 /* MovieAppWithUIKit */;
			targetProxy = 78755E532D707E9D00640B31 /* PBXContainerItemProxy */;
		};
/* End PBXTargetDependency section */

/* Begin XCBuildConfiguration section */
		78755E5C2D707E9D00640B31 /* Debug */ = {
			isa = XCBuildConfiguration;
			buildSettings = {
				ASSETCATALOG_COMPILER_APPICON_NAME = AppIcon;
				ASSETCATALOG_COMPILER_GLOBAL_ACCENT_COLOR_NAME = AccentColor;
				CODE_SIGN_STYLE = Automatic;
				CURRENT_PROJECT_VERSION = 1;
				DEVELOPMENT_TEAM = NXVR93RP55;
				GENERATE_INFOPLIST_FILE = YES;
				INFOPLIST_FILE = MovieAppWithUIKit/Info.plist;
				INFOPLIST_KEY_NSMainNibFile = "";
				INFOPLIST_KEY_UIApplicationSupportsIndirectInputEvents = YES;
				INFOPLIST_KEY_UILaunchStoryboardName = LaunchScreen;
				INFOPLIST_KEY_UISupportedInterfaceOrientations_iPad = "UIInterfaceOrientationPortrait UIInterfaceOrientationPortraitUpsideDown UIInterfaceOrientationLandscapeLeft UIInterfaceOrientationLandscapeRight";
				INFOPLIST_KEY_UISupportedInterfaceOrientations_iPhone = "UIInterfaceOrientationPortrait UIInterfaceOrientationLandscapeLeft UIInterfaceOrientationLandscapeRight";
				LD_RUNPATH_SEARCH_PATHS = (
					"$(inherited)",
					"@executable_path/Frameworks",
				);
				MARKETING_VERSION = 1.0;
				PRODUCT_BUNDLE_IDENTIFIER = ofd.MovieAppWithUIKit;
				PRODUCT_NAME = "$(TARGET_NAME)";
				SWIFT_EMIT_LOC_STRINGS = YES;
				SWIFT_VERSION = 5.0;
				TARGETED_DEVICE_FAMILY = "1,2";
			};
			name = Debug;
		};
		78755E5D2D707E9D00640B31 /* Release */ = {
			isa = XCBuildConfiguration;
			buildSettings = {
				ASSETCATALOG_COMPILER_APPICON_NAME = AppIcon;
				ASSETCATALOG_COMPILER_GLOBAL_ACCENT_COLOR_NAME = AccentColor;
				CODE_SIGN_STYLE = Automatic;
				CURRENT_PROJECT_VERSION = 1;
				DEVELOPMENT_TEAM = NXVR93RP55;
				GENERATE_INFOPLIST_FILE = YES;
				INFOPLIST_FILE = MovieAppWithUIKit/Info.plist;
				INFOPLIST_KEY_NSMainNibFile = "";
				INFOPLIST_KEY_UIApplicationSupportsIndirectInputEvents = YES;
				INFOPLIST_KEY_UILaunchStoryboardName = LaunchScreen;
				INFOPLIST_KEY_UISupportedInterfaceOrientations_iPad = "UIInterfaceOrientationPortrait UIInterfaceOrientationPortraitUpsideDown UIInterfaceOrientationLandscapeLeft UIInterfaceOrientationLandscapeRight";
				INFOPLIST_KEY_UISupportedInterfaceOrientations_iPhone = "UIInterfaceOrientationPortrait UIInterfaceOrientationLandscapeLeft UIInterfaceOrientationLandscapeRight";
				LD_RUNPATH_SEARCH_PATHS = (
					"$(inherited)",
					"@executable_path/Frameworks",
				);
				MARKETING_VERSION = 1.0;
				PRODUCT_BUNDLE_IDENTIFIER = ofd.MovieAppWithUIKit;
				PRODUCT_NAME = "$(TARGET_NAME)";
				SWIFT_EMIT_LOC_STRINGS = YES;
				SWIFT_VERSION = 5.0;
				TARGETED_DEVICE_FAMILY = "1,2";
			};
			name = Release;
		};
		78755E5E2D707E9D00640B31 /* Debug */ = {
			isa = XCBuildConfiguration;
			buildSettings = {
				ALWAYS_SEARCH_USER_PATHS = NO;
				ASSETCATALOG_COMPILER_GENERATE_SWIFT_ASSET_SYMBOL_EXTENSIONS = YES;
				CLANG_ANALYZER_NONNULL = YES;
				CLANG_ANALYZER_NUMBER_OBJECT_CONVERSION = YES_AGGRESSIVE;
				CLANG_CXX_LANGUAGE_STANDARD = "gnu++20";
				CLANG_ENABLE_MODULES = YES;
				CLANG_ENABLE_OBJC_ARC = YES;
				CLANG_ENABLE_OBJC_WEAK = YES;
				CLANG_WARN_BLOCK_CAPTURE_AUTORELEASING = YES;
				CLANG_WARN_BOOL_CONVERSION = YES;
				CLANG_WARN_COMMA = YES;
				CLANG_WARN_CONSTANT_CONVERSION = YES;
				CLANG_WARN_DEPRECATED_OBJC_IMPLEMENTATIONS = YES;
				CLANG_WARN_DIRECT_OBJC_ISA_USAGE = YES_ERROR;
				CLANG_WARN_DOCUMENTATION_COMMENTS = YES;
				CLANG_WARN_EMPTY_BODY = YES;
				CLANG_WARN_ENUM_CONVERSION = YES;
				CLANG_WARN_INFINITE_RECURSION = YES;
				CLANG_WARN_INT_CONVERSION = YES;
				CLANG_WARN_NON_LITERAL_NULL_CONVERSION = YES;
				CLANG_WARN_OBJC_IMPLICIT_RETAIN_SELF = YES;
				CLANG_WARN_OBJC_LITERAL_CONVERSION = YES;
				CLANG_WARN_OBJC_ROOT_CLASS = YES_ERROR;
				CLANG_WARN_QUOTED_INCLUDE_IN_FRAMEWORK_HEADER = YES;
				CLANG_WARN_RANGE_LOOP_ANALYSIS = YES;
				CLANG_WARN_STRICT_PROTOTYPES = YES;
				CLANG_WARN_SUSPICIOUS_MOVE = YES;
				CLANG_WARN_UNGUARDED_AVAILABILITY = YES_AGGRESSIVE;
				CLANG_WARN_UNREACHABLE_CODE = YES;
				CLANG_WARN__DUPLICATE_METHOD_MATCH = YES;
				COPY_PHASE_STRIP = NO;
				DEBUG_INFORMATION_FORMAT = dwarf;
				ENABLE_STRICT_OBJC_MSGSEND = YES;
				ENABLE_TESTABILITY = YES;
				ENABLE_USER_SCRIPT_SANDBOXING = YES;
				GCC_C_LANGUAGE_STANDARD = gnu17;
				GCC_DYNAMIC_NO_PIC = NO;
				GCC_NO_COMMON_BLOCKS = YES;
				GCC_OPTIMIZATION_LEVEL = 0;
				GCC_PREPROCESSOR_DEFINITIONS = (
					"DEBUG=1",
					"$(inherited)",
				);
				GCC_WARN_64_TO_32_BIT_CONVERSION = YES;
				GCC_WARN_ABOUT_RETURN_TYPE = YES_ERROR;
				GCC_WARN_UNDECLARED_SELECTOR = YES;
				GCC_WARN_UNINITIALIZED_AUTOS = YES_AGGRESSIVE;
				GCC_WARN_UNUSED_FUNCTION = YES;
				GCC_WARN_UNUSED_VARIABLE = YES;
				IPHONEOS_DEPLOYMENT_TARGET = 18.2;
				LOCALIZATION_PREFERS_STRING_CATALOGS = YES;
				MTL_ENABLE_DEBUG_INFO = INCLUDE_SOURCE;
				MTL_FAST_MATH = YES;
				ONLY_ACTIVE_ARCH = YES;
				SDKROOT = iphoneos;
				SWIFT_ACTIVE_COMPILATION_CONDITIONS = "DEBUG $(inherited)";
				SWIFT_OPTIMIZATION_LEVEL = "-Onone";
			};
			name = Debug;
		};
		78755E5F2D707E9D00640B31 /* Release */ = {
			isa = XCBuildConfiguration;
			buildSettings = {
				ALWAYS_SEARCH_USER_PATHS = NO;
				ASSETCATALOG_COMPILER_GENERATE_SWIFT_ASSET_SYMBOL_EXTENSIONS = YES;
				CLANG_ANALYZER_NONNULL = YES;
				CLANG_ANALYZER_NUMBER_OBJECT_CONVERSION = YES_AGGRESSIVE;
				CLANG_CXX_LANGUAGE_STANDARD = "gnu++20";
				CLANG_ENABLE_MODULES = YES;
				CLANG_ENABLE_OBJC_ARC = YES;
				CLANG_ENABLE_OBJC_WEAK = YES;
				CLANG_WARN_BLOCK_CAPTURE_AUTORELEASING = YES;
				CLANG_WARN_BOOL_CONVERSION = YES;
				CLANG_WARN_COMMA = YES;
				CLANG_WARN_CONSTANT_CONVERSION = YES;
				CLANG_WARN_DEPRECATED_OBJC_IMPLEMENTATIONS = YES;
				CLANG_WARN_DIRECT_OBJC_ISA_USAGE = YES_ERROR;
				CLANG_WARN_DOCUMENTATION_COMMENTS = YES;
				CLANG_WARN_EMPTY_BODY = YES;
				CLANG_WARN_ENUM_CONVERSION = YES;
				CLANG_WARN_INFINITE_RECURSION = YES;
				CLANG_WARN_INT_CONVERSION = YES;
				CLANG_WARN_NON_LITERAL_NULL_CONVERSION = YES;
				CLANG_WARN_OBJC_IMPLICIT_RETAIN_SELF = YES;
				CLANG_WARN_OBJC_LITERAL_CONVERSION = YES;
				CLANG_WARN_OBJC_ROOT_CLASS = YES_ERROR;
				CLANG_WARN_QUOTED_INCLUDE_IN_FRAMEWORK_HEADER = YES;
				CLANG_WARN_RANGE_LOOP_ANALYSIS = YES;
				CLANG_WARN_STRICT_PROTOTYPES = YES;
				CLANG_WARN_SUSPICIOUS_MOVE = YES;
				CLANG_WARN_UNGUARDED_AVAILABILITY = YES_AGGRESSIVE;
				CLANG_WARN_UNREACHABLE_CODE = YES;
				CLANG_WARN__DUPLICATE_METHOD_MATCH = YES;
				COPY_PHASE_STRIP = NO;
				DEBUG_INFORMATION_FORMAT = "dwarf-with-dsym";
				ENABLE_NS_ASSERTIONS = NO;
				ENABLE_STRICT_OBJC_MSGSEND = YES;
				ENABLE_USER_SCRIPT_SANDBOXING = YES;
				GCC_C_LANGUAGE_STANDARD = gnu17;
				GCC_NO_COMMON_BLOCKS = YES;
				GCC_WARN_64_TO_32_BIT_CONVERSION = YES;
				GCC_WARN_ABOUT_RETURN_TYPE = YES_ERROR;
				GCC_WARN_UNDECLARED_SELECTOR = YES;
				GCC_WARN_UNINITIALIZED_AUTOS = YES_AGGRESSIVE;
				GCC_WARN_UNUSED_FUNCTION = YES;
				GCC_WARN_UNUSED_VARIABLE = YES;
				IPHONEOS_DEPLOYMENT_TARGET = 18.2;
				LOCALIZATION_PREFERS_STRING_CATALOGS = YES;
				MTL_ENABLE_DEBUG_INFO = NO;
				MTL_FAST_MATH = YES;
				SDKROOT = iphoneos;
				SWIFT_COMPILATION_MODE = wholemodule;
				VALIDATE_PRODUCT = YES;
			};
			name = Release;
		};
		78755E612D707E9D00640B31 /* Debug */ = {
			isa = XCBuildConfiguration;
			buildSettings = {
				BUNDLE_LOADER = "$(TEST_HOST)";
				CODE_SIGN_STYLE = Automatic;
				CURRENT_PROJECT_VERSION = 1;
				DEVELOPMENT_TEAM = NXVR93RP55;
				GENERATE_INFOPLIST_FILE = YES;
				IPHONEOS_DEPLOYMENT_TARGET = 18.2;
				MARKETING_VERSION = 1.0;
				PRODUCT_BUNDLE_IDENTIFIER = ofd.MovieAppWithUIKitTests;
				PRODUCT_NAME = "$(TARGET_NAME)";
				SWIFT_EMIT_LOC_STRINGS = NO;
				SWIFT_VERSION = 5.0;
				TARGETED_DEVICE_FAMILY = "1,2";
				TEST_HOST = "$(BUILT_PRODUCTS_DIR)/MovieAppWithUIKit.app/$(BUNDLE_EXECUTABLE_FOLDER_PATH)/MovieAppWithUIKit";
			};
			name = Debug;
		};
		78755E622D707E9D00640B31 /* Release */ = {
			isa = XCBuildConfiguration;
			buildSettings = {
				BUNDLE_LOADER = "$(TEST_HOST)";
				CODE_SIGN_STYLE = Automatic;
				CURRENT_PROJECT_VERSION = 1;
				DEVELOPMENT_TEAM = NXVR93RP55;
				GENERATE_INFOPLIST_FILE = YES;
				IPHONEOS_DEPLOYMENT_TARGET = 18.2;
				MARKETING_VERSION = 1.0;
				PRODUCT_BUNDLE_IDENTIFIER = ofd.MovieAppWithUIKitTests;
				PRODUCT_NAME = "$(TARGET_NAME)";
				SWIFT_EMIT_LOC_STRINGS = NO;
				SWIFT_VERSION = 5.0;
				TARGETED_DEVICE_FAMILY = "1,2";
				TEST_HOST = "$(BUILT_PRODUCTS_DIR)/MovieAppWithUIKit.app/$(BUNDLE_EXECUTABLE_FOLDER_PATH)/MovieAppWithUIKit";
			};
			name = Release;
		};
		78755E642D707E9D00640B31 /* Debug */ = {
			isa = XCBuildConfiguration;
			buildSettings = {
				CODE_SIGN_STYLE = Automatic;
				CURRENT_PROJECT_VERSION = 1;
				DEVELOPMENT_TEAM = NXVR93RP55;
				GENERATE_INFOPLIST_FILE = YES;
				MARKETING_VERSION = 1.0;
				PRODUCT_BUNDLE_IDENTIFIER = ofd.MovieAppWithUIKitUITests;
				PRODUCT_NAME = "$(TARGET_NAME)";
				SWIFT_EMIT_LOC_STRINGS = NO;
				SWIFT_VERSION = 5.0;
				TARGETED_DEVICE_FAMILY = "1,2";
				TEST_TARGET_NAME = MovieAppWithUIKit;
			};
			name = Debug;
		};
		78755E652D707E9D00640B31 /* Release */ = {
			isa = XCBuildConfiguration;
			buildSettings = {
				CODE_SIGN_STYLE = Automatic;
				CURRENT_PROJECT_VERSION = 1;
				DEVELOPMENT_TEAM = NXVR93RP55;
				GENERATE_INFOPLIST_FILE = YES;
				MARKETING_VERSION = 1.0;
				PRODUCT_BUNDLE_IDENTIFIER = ofd.MovieAppWithUIKitUITests;
				PRODUCT_NAME = "$(TARGET_NAME)";
				SWIFT_EMIT_LOC_STRINGS = NO;
				SWIFT_VERSION = 5.0;
				TARGETED_DEVICE_FAMILY = "1,2";
				TEST_TARGET_NAME = MovieAppWithUIKit;
			};
			name = Release;
		};
/* End XCBuildConfiguration section */

/* Begin XCConfigurationList section */
		78755E2D2D707E9C00640B31 /* Build configuration list for PBXProject "MovieAppWithUIKit" */ = {
			isa = XCConfigurationList;
			buildConfigurations = (
				78755E5E2D707E9D00640B31 /* Debug */,
				78755E5F2D707E9D00640B31 /* Release */,
			);
			defaultConfigurationIsVisible = 0;
			defaultConfigurationName = Release;
		};
		78755E5B2D707E9D00640B31 /* Build configuration list for PBXNativeTarget "MovieAppWithUIKit" */ = {
			isa = XCConfigurationList;
			buildConfigurations = (
				78755E5C2D707E9D00640B31 /* Debug */,
				78755E5D2D707E9D00640B31 /* Release */,
			);
			defaultConfigurationIsVisible = 0;
			defaultConfigurationName = Release;
		};
		78755E602D707E9D00640B31 /* Build configuration list for PBXNativeTarget "MovieAppWithUIKitTests" */ = {
			isa = XCConfigurationList;
			buildConfigurations = (
				78755E612D707E9D00640B31 /* Debug */,
				78755E622D707E9D00640B31 /* Release */,
			);
			defaultConfigurationIsVisible = 0;
			defaultConfigurationName = Release;
		};
		78755E632D707E9D00640B31 /* Build configuration list for PBXNativeTarget "MovieAppWithUIKitUITests" */ = {
			isa = XCConfigurationList;
			buildConfigurations = (
				78755E642D707E9D00640B31 /* Debug */,
				78755E652D707E9D00640B31 /* Release */,
			);
			defaultConfigurationIsVisible = 0;
			defaultConfigurationName = Release;
		};
/* End XCConfigurationList section */

/* Begin XCRemoteSwiftPackageReference section */
		78261DCF2D73981D00301CE0 /* XCRemoteSwiftPackageReference "SDWebImage" */ = {
			isa = XCRemoteSwiftPackageReference;
			repositoryURL = "https://github.com/SDWebImage/SDWebImage.git";
			requirement = {
				kind = upToNextMajorVersion;
				minimumVersion = 5.21.0;
			};
		};
/* End XCRemoteSwiftPackageReference section */

/* Begin XCSwiftPackageProductDependency section */
		78261DD02D73981D00301CE0 /* SDWebImage */ = {
			isa = XCSwiftPackageProductDependency;
			package = 78261DCF2D73981D00301CE0 /* XCRemoteSwiftPackageReference "SDWebImage" */;
			productName = SDWebImage;
		};
		78261DD22D73981D00301CE0 /* SDWebImageMapKit */ = {
			isa = XCSwiftPackageProductDependency;
			package = 78261DCF2D73981D00301CE0 /* XCRemoteSwiftPackageReference "SDWebImage" */;
			productName = SDWebImageMapKit;
		};
/* End XCSwiftPackageProductDependency section */
	};
	rootObject = 78755E2A2D707E9C00640B31 /* Project object */;
}
